<?xml version="1.0" encoding="utf-8"?>
<Project ToolsVersion="4.0" xmlns="http://schemas.microsoft.com/developer/msbuild/2003">
  <ItemGroup>
    <Filter Include="Исходные файлы">
      <UniqueIdentifier>{4FC737F1-C7A5-4376-A066-2A32D752A2FF}</UniqueIdentifier>
      <Extensions>cpp;c;cc;cxx;c++;cppm;ixx;def;odl;idl;hpj;bat;asm;asmx</Extensions>
    </Filter>
    <Filter Include="Файлы заголовков">
      <UniqueIdentifier>{93995380-89BD-4b04-88EB-625FBE52EBFB}</UniqueIdentifier>
      <Extensions>h;hh;hpp;hxx;h++;hm;inl;inc;ipp;xsd</Extensions>
    </Filter>
    <Filter Include="Файлы ресурсов">
      <UniqueIdentifier>{67DA6AB6-F800-4c08-8B7A-83BB121AAD01}</UniqueIdentifier>
      <Extensions>rc;ico;cur;bmp;dlg;rc2;rct;bin;rgs;gif;jpg;jpeg;jpe;resx;tiff;tif;png;wav;mfcribbon-ms</Extensions>
    </Filter>
  </ItemGroup>
  <ItemGroup>
    <ClCompile Include="C:\Users\loboy\Downloads\VisualEngine\external\GLAD\src\glad.c">
      <Filter>Исходные файлы</Filter>
    </ClCompile>
    <ClCompile Include="C:\Users\loboy\Downloads\VisualEngine\external\ImGui\imgui.cpp">
      <Filter>Исходные файлы</Filter>
    </ClCompile>
    <ClCompile Include="C:\Users\loboy\Downloads\VisualEngine\external\ImGui\imgui_draw.cpp">
      <Filter>Исходные файлы</Filter>
    </ClCompile>
    <ClCompile Include="C:\Users\loboy\Downloads\VisualEngine\external\ImGui\imgui_tables.cpp">
      <Filter>Исходные файлы</Filter>
    </ClCompile>
    <ClCompile Include="C:\Users\loboy\Downloads\VisualEngine\external\ImGui\imgui_widgets.cpp">
      <Filter>Исходные файлы</Filter>
    </ClCompile>
    <ClCompile Include="C:\Users\loboy\Downloads\VisualEngine\external\ImGui\imgui_impl_glfw.cpp">
      <Filter>Исходные файлы</Filter>
    </ClCompile>
    <ClCompile Include="C:\Users\loboy\Downloads\VisualEngine\external\ImGui\imgui_impl_opengl3.cpp">
      <Filter>Исходные файлы</Filter>
    </ClCompile>
    <ClCompile Include="C:\Users\loboy\Downloads\VisualEngine\src\main.cpp">
      <Filter>Исходные файлы</Filter>
    </ClCompile>
    <ClCompile Include="C:\Users\loboy\Downloads\VisualEngine\src\Platform\Windows\WindowsWindow.cpp">
      <Filter>Исходные файлы</Filter>
    </ClCompile>
  </ItemGroup>
  <ItemGroup>
    <ClInclude Include="C:\Users\loboy\Downloads\VisualEngine\src\Core\Window.h">
      <Filter>Файлы заголовков</Filter>
    </ClInclude>
    <ClInclude Include="C:\Users\loboy\Downloads\VisualEngine\src\Core\Shader.h">
      <Filter>Файлы заголовков</Filter>
    </ClInclude>
    <ClInclude Include="C:\Users\loboy\Downloads\VisualEngine\src\Core\Camera.h">
      <Filter>Файлы заголовков</Filter>
    </ClInclude>
    <ClInclude Include="C:\Users\loboy\Downloads\VisualEngine\src\Core\Grid.h">
      <Filter>Файлы заголовков</Filter>
    </ClInclude>
    <ClInclude Include="C:\Users\loboy\Downloads\VisualEngine\src\Core\Primitives.h">
      <Filter>Файлы заголовков</Filter>
    </ClInclude>
    <ClInclude Include="C:\Users\loboy\Downloads\VisualEngine\src\Core\Skybox.h">
      <Filter>Файлы заголовков</Filter>
    </ClInclude>
    <ClInclude Include="C:\Users\loboy\Downloads\VisualEngine\src\Core\Model.h">
      <Filter>Файлы заголовков</Filter>
    </ClInclude>
    <ClInclude Include="C:\Users\loboy\Downloads\VisualEngine\src\Core\ProjectPanel.h">
      <Filter>Файлы заголовков</Filter>
    </ClInclude>
    <ClInclude Include="C:\Users\loboy\Downloads\VisualEngine\src\Core\LuaEngine.h">
      <Filter>Файлы заголовков</Filter>
    </ClInclude>
    <ClInclude Include="C:\Users\loboy\Downloads\VisualEngine\src\Core\ScriptEditor.h">
      <Filter>Файлы заголовков</Filter>
    </ClInclude>
    <ClInclude Include="C:\Users\loboy\Downloads\VisualEngine\src\Platform\Windows\WindowsWindow.h">
      <Filter>Файлы заголовков</Filter>
    </ClInclude>
    <ClInclude Include="..\..\src\Core\miniaudio.h">
      <Filter>Файлы заголовков</Filter>
    </ClInclude>
    <ClInclude Include="..\..\src\Core\AudioEngine.h">
      <Filter>Файлы заголовков</Filter>
    </ClInclude>
    <ClInclude Include="..\..\src\Core\BuildSystem.h">
      <Filter>Файлы заголовков</Filter>
    </ClInclude>
  </ItemGroup>
  <ItemGroup>
    <None Include="OPTIMIZATION_GUIDE.md" />
    <None Include="external\LUA_SETUP.md" />
    <None Include="setup_lua.bat">
      <Filter>Исходные файлы</Filter>
    </None>
    <None Include="setup_lua.ps1" />
    <None Include="DEPENDENCIES.md" />
    <None Include="SETUP_GUIDE.md" />
    <None Include="TROUBLESHOOTING.md" />
    <None Include="README.md" />
  </ItemGroup>
</Project>